{
  "name": "kontent-workflow-diagram-app",
  "lockfileVersion": 3,
  "requires": true,
  "packages": {
    "": {
      "dependencies": {
        "@kontent-ai/custom-app-sdk": "^1.0.0"
      }
    },
    "node_modules/@kontent-ai/custom-app-sdk": {
      "version": "1.0.0",
      "resolved": "https://registry.npmjs.org/@kontent-ai/custom-app-sdk/-/custom-app-sdk-1.0.0.tgz",
      "integrity": "sha512-X3FSVTXPIL2xhgbOe0lcGdVkakG5o5SD7bFuERSn9tSsuPgXaUijM0tq9pmtuiWfdfmr1HrXYsp7EWs6TD8CBA==",
      "license": "MIT",
      "dependencies": {
        "zod": "^3.23.8"
      }
    },
    "node_modules/zod": {
      "version": "3.24.2",
      "resolved": "https://registry.npmjs.org/zod/-/zod-3.24.2.tgz",
      "integrity": "sha512-lY7CDW43ECgW9u1TcT3IoXHflywfVqDYze4waEz812jR/bZ8FHDsl7pFQoSZTz5N+2NqRXs8GBwnAwo3ZNxqhQ==",
      "license": "MIT",
      "funding": {
        "url": "https://github.com/sponsors/colinhacks"
      }
    }
  }
}
